
Microsoft Visual Studio Solution File, Format Version 11.00
# Visual Studio 2010
Project("{FAE04EC0-301F-11D3-BF4B-00C04F79EFBC}") = "client", "client\client.csproj", "{6A8BDC98-B23A-476F-A6E2-B6CD374F3F05}"
EndProject
Global
	GlobalSection(SolutionConfigurationPlatforms) = preSolution
		Debug|x86 = Debug|x86
		Release|x86 = Release|x86
	EndGlobalSection
	GlobalSection(ProjectConfigurationPlatforms) = postSolution
		{6A8BDC98-B23A-476F-A6E2-B6CD374F3F05}.Debug|x86.ActiveCfg = Debug|x86
		{6A8BDC98-B23A-476F-A6E2-B6CD374F3F05}.Debug|x86.Build.0 = Debug|x86
		{6A8BDC98-B23A-476F-A6E2-B6CD374F3F05}.Release|x86.ActiveCfg = Release|x86
		{6A8BDC98-B23A-476F-A6E2-B6CD374F3F05}.Release|x86.Build.0 = Release|x86
	EndGlobalSection
	GlobalSection(MonoDevelopProperties) = preSolution
		StartupItem = client\client.csproj
	EndGlobalSection
EndGlobal
